{
  "name": "@arpadgabor/www",
  "lockfileVersion": 3,
  "requires": true,
  "packages": {
    "": {
      "name": "@arpadgabor/www",
      "hasInstallScript": true,
      "dependencies": {
        "@nuxt/content": "^2.13.2",
        "@nuxt/fonts": "^0.7.1",
        "@nuxt/icon": "^1.3.1",
        "@nuxtjs/color-mode": "^3.4.2",
        "@nuxtjs/seo": "2.0.0-rc.16",
        "@nuxtjs/tailwindcss": "^6.12.1",
        "@vueuse/nuxt": "^10.11.0",
        "nuxt": "^3.12.4",
        "vue": "latest"
      },
      "devDependencies": {
        "@iconify-json/ph": "^1.1.13"
      }
    },
    "../node_modules/.pnpm/@nuxt+content@2.13.2_nuxt@3.12.4_vue@3.4.34/node_modules/@nuxt/content": {
      "version": "2.13.2",
      "license": "MIT",
      "dependencies": {
        "@nuxt/kit": "^3.12.4",
        "@nuxtjs/mdc": "^0.8.3",
        "@vueuse/core": "^10.11.0",
        "@vueuse/head": "^2.0.0",
        "@vueuse/nuxt": "^10.11.0",
        "consola": "^3.2.3",
        "defu": "^6.1.4",
        "destr": "^2.0.3",
        "json5": "^2.2.3",
        "knitwork": "^1.1.0",
        "listhen": "^1.7.2",
        "mdast-util-to-string": "^4.0.0",
        "mdurl": "^2.0.0",
        "micromark": "^4.0.0",
        "micromark-util-sanitize-uri": "^2.0.0",
        "micromark-util-types": "^2.0.0",
        "minisearch": "^7.0.2",
        "ohash": "^1.1.3",
        "pathe": "^1.1.2",
        "scule": "^1.3.0",
        "shiki": "^1.10.3",
        "slugify": "^1.6.6",
        "socket.io-client": "^4.7.5",
        "ufo": "^1.5.4",
        "unist-util-stringify-position": "^4.0.0",
        "unstorage": "^1.10.2",
        "ws": "^8.18.0"
      },
      "devDependencies": {
        "@nuxt/content": "link:.",
        "@nuxt/eslint-config": "^0.3.13",
        "@nuxt/module-builder": "^0.8.1",
        "@nuxt/schema": "3.12.4",
        "@nuxt/test-utils": "3.13.1",
        "@nuxthq/studio": "^2.0.3",
        "@nuxtjs/tailwindcss": "^6.12.1",
        "@types/ws": "^8.5.11",
        "c8": "^10.1.2",
        "csvtojson": "^2.0.10",
        "eslint": "^9.7.0",
        "globby": "^14.0.2",
        "husky": "^9.1.1",
        "jiti": "^1.21.6",
        "lint-staged": "^15.2.7",
        "nuxt": "3.12.4",
        "rehype-figure": "^1.0.1",
        "rehype-wrap-all": "^1.1.0",
        "release-it": "^17.6.0",
        "remark-oembed": "^1.2.2",
        "vitest": "^2.0.3",
        "vue-docgen-web-types": "^0.1.8",
        "vue-tsc": "2.0.26"
      }
    },
    "../node_modules/.pnpm/@nuxt+fonts@0.7.1_vite@5.3.5/node_modules/@nuxt/fonts": {
      "version": "0.7.1",
      "license": "MIT",
      "dependencies": {
        "@nuxt/devtools-kit": "^1.3.2",
        "@nuxt/kit": "^3.12.2",
        "chalk": "^5.3.0",
        "css-tree": "^2.3.1",
        "defu": "^6.1.4",
        "esbuild": "^0.21.4",
        "fontaine": "^0.5.0",
        "globby": "^14.0.1",
        "h3": "^1.11.1",
        "jiti": "^1.21.0",
        "magic-regexp": "^0.8.0",
        "magic-string": "^0.30.10",
        "node-fetch-native": "^1.6.4",
        "ohash": "^1.1.3",
        "pathe": "^1.1.2",
        "sirv": "^2.0.4",
        "ufo": "^1.5.3",
        "unplugin": "^1.10.1",
        "unstorage": "^1.10.2"
      },
      "devDependencies": {
        "@iconify-json/carbon": "^1.1.34",
        "@nuxt/devtools": "latest",
        "@nuxt/eslint-config": "^0.3.13",
        "@nuxt/module-builder": "^0.7.0",
        "@nuxt/schema": "^3.12.2",
        "@nuxt/test-utils": "^3.13.1",
        "@types/css-tree": "^2.3.7",
        "@types/splitpanes": "^2.2.6",
        "@vitest/coverage-v8": "^1.6.0",
        "birpc": "^0.2.17",
        "changelogen": "^0.5.5",
        "consola": "^3.2.3",
        "eslint": "^9.3.0",
        "execa": "^9.1.0",
        "nitropack": "^2.9.6",
        "nuxt": "^3.12.2",
        "nuxt-fonts-devtools": "workspace:*",
        "ofetch": "^1.3.4",
        "playwright-core": "^1.44.1",
        "semver": "^7.6.2",
        "shiki": "^1.6.1",
        "typescript": "^5.4.5",
        "unbuild": "^2.0.0",
        "vite": "^5.2.12",
        "vitest": "^1.6.0",
        "vue-bundle-renderer": "^2.1.0",
        "vue-tsc": "^2.0.19"
      }
    },
    "../node_modules/.pnpm/@nuxt+icon@1.3.1_vite@5.3.5_vue@3.4.34/node_modules/@nuxt/icon": {
      "version": "1.3.1",
      "license": "MIT",
      "dependencies": {
        "@iconify/collections": "^1.0.442",
        "@iconify/types": "^2.0.0",
        "@iconify/utils": "^2.1.25",
        "@iconify/vue": "4.1.3-beta.1",
        "@nuxt/devtools-kit": "^1.3.9",
        "@nuxt/kit": "^3.12.4",
        "consola": "^3.2.3",
        "fast-glob": "^3.3.2",
        "local-pkg": "^0.5.0",
        "pathe": "^1.1.2"
      },
      "devDependencies": {
        "@iconify-json/fluent-emoji-high-contrast": "^1.1.15",
        "@iconify-json/logos": "^1.1.43",
        "@iconify-json/ph": "^1.1.13",
        "@iconify-json/simple-icons": "^1.1.109",
        "@iconify-json/uil": "^1.1.8",
        "@nuxt/devtools": "^1.3.9",
        "@nuxt/eslint-config": "^0.3.13",
        "@nuxt/module-builder": "^0.8.1",
        "@nuxt/schema": "^3.12.4",
        "@nuxt/test-utils": "^3.13.1",
        "@types/node": "^20.14.11",
        "@unocss/nuxt": "^0.61.5",
        "changelogen": "^0.5.5",
        "eslint": "9.0.0",
        "nuxt": "^3.12.4",
        "release-it": "^17.6.0",
        "typescript": "^5.5.4",
        "untyped": "^1.4.2",
        "vite": "^5.3.4",
        "vue-tsc": "^2.0.28"
      }
    },
    "../node_modules/.pnpm/@nuxtjs+color-mode@3.4.2/node_modules/@nuxtjs/color-mode": {
      "version": "3.4.2",
      "license": "MIT",
      "dependencies": {
        "@nuxt/kit": "^3.12.2",
        "pathe": "^1.1.2",
        "pkg-types": "^1.1.1",
        "semver": "^7.6.2"
      },
      "devDependencies": {
        "@commitlint/cli": "^19.3.0",
        "@commitlint/config-conventional": "^19.2.2",
        "@nuxt/eslint-config": "^0.3.13",
        "@nuxt/module-builder": "^0.8.0",
        "@nuxt/schema": "^3.12.2",
        "@nuxt/test-utils": "^3.13.1",
        "@types/lodash.template": "^4.5.3",
        "@types/semver": "^7.5.8",
        "@typescript-eslint/parser": "^7.14.1",
        "@vitest/coverage-v8": "^1.6.0",
        "eslint": "^9.5.0",
        "husky": "9.0.11",
        "nuxt": "^3.12.2",
        "standard-version": "^9.5.0",
        "typescript": "^5.5.2",
        "vitest": "^1.6.0",
        "vue-tsc": "^2.0.22"
      }
    },
    "../node_modules/.pnpm/@nuxtjs+seo@2.0.0-rc.16_h3@1.12.0_vite@5.3.5_vue@3.4.34/node_modules/@nuxtjs/seo": {
      "version": "2.0.0-rc.16",
      "license": "MIT",
      "dependencies": {
        "@nuxt/kit": "^3.12.3",
        "@nuxtjs/robots": "^4.0.2",
        "@nuxtjs/sitemap": "^5.3.5",
        "defu": "^6.1.4",
        "nuxt-link-checker": "^3.0.2",
        "nuxt-og-image": "^3.0.0-rc.64",
        "nuxt-schema-org": "^3.3.9",
        "nuxt-seo-experiments": "^4.0.0",
        "nuxt-site-config": "^2.2.15",
        "nuxt-site-config-kit": "^2.2.15",
        "pkg-types": "^1.1.3",
        "ufo": "^1.5.4"
      },
      "devDependencies": {
        "@antfu/eslint-config": "^2.23.0",
        "@nuxt/module-builder": "^0.8.1",
        "@nuxt/schema": "^3.12.3",
        "@nuxt/test-utils": "3.13.1",
        "@nuxt/ui": "^2.17.0",
        "@nuxtjs/i18n": "^8.3.1",
        "bumpp": "^9.4.1",
        "eslint": "^9.7.0",
        "execa": "^9.3.0",
        "nitropack": "^2.9.7",
        "nuxt": "^3.12.3",
        "typescript": "5.4.5",
        "vitest": "^2.0.3"
      },
      "funding": {
        "url": "https://github.com/sponsors/harlan-zw"
      }
    },
    "../node_modules/.pnpm/@nuxtjs+tailwindcss@6.12.1/node_modules/@nuxtjs/tailwindcss": {
      "version": "6.12.1",
      "license": "MIT",
      "dependencies": {
        "@nuxt/kit": "^3.12.3",
        "autoprefixer": "^10.4.19",
        "consola": "^3.2.3",
        "defu": "^6.1.4",
        "h3": "^1.12.0",
        "pathe": "^1.1.2",
        "postcss": "^8.4.38",
        "postcss-nesting": "^12.1.5",
        "tailwind-config-viewer": "^2.0.4",
        "tailwindcss": "~3.4.4",
        "ufo": "^1.5.3",
        "unctx": "^2.3.1"
      },
      "devDependencies": {
        "@fontsource/inter": "^5.0.18",
        "@nuxt/content": "2.12.1",
        "@nuxt/devtools": "^1.3.6",
        "@nuxt/eslint-config": "0.3.13",
        "@nuxt/module-builder": "^0.8.0",
        "@nuxt/test-utils": "^3.13.1",
        "@tailwindcss/typography": "^0.5.13",
        "changelogen": "^0.5.5",
        "destr": "^2.0.3",
        "eslint": "9.5.0",
        "happy-dom": "^13.10.1",
        "nuxt": "^3.12.3",
        "typescript": "^5.4.5",
        "vitest": "1.5.0",
        "vue-tsc": "^2.0.22"
      }
    },
    "../node_modules/.pnpm/@vueuse+nuxt@10.11.0_nuxt@3.12.4_vue@3.4.34/node_modules/@vueuse/nuxt": {
      "version": "10.11.0",
      "license": "MIT",
      "dependencies": {
        "@nuxt/kit": "^3.12.1",
        "@vueuse/core": "10.11.0",
        "@vueuse/metadata": "10.11.0",
        "local-pkg": "^0.5.0",
        "vue-demi": ">=0.14.8"
      },
      "devDependencies": {
        "@nuxt/schema": "^3.12.1",
        "nuxt": "^3.12.1",
        "unimport": "^3.7.2"
      },
      "funding": {
        "url": "https://github.com/sponsors/antfu"
      },
      "peerDependencies": {
        "nuxt": "^3.0.0"
      }
    },
    "../node_modules/.pnpm/nuxt@3.12.4_@types+node@22.0.0_typescript@5.5.4_vite@5.3.5/node_modules/nuxt": {
      "version": "3.12.4",
      "license": "MIT",
      "dependencies": {
        "@nuxt/devalue": "^2.0.2",
        "@nuxt/devtools": "^1.3.9",
        "@nuxt/kit": "3.12.4",
        "@nuxt/schema": "3.12.4",
        "@nuxt/telemetry": "^2.5.4",
        "@nuxt/vite-builder": "3.12.4",
        "@unhead/dom": "^1.9.16",
        "@unhead/ssr": "^1.9.16",
        "@unhead/vue": "^1.9.16",
        "@vue/shared": "^3.4.32",
        "acorn": "8.12.1",
        "c12": "^1.11.1",
        "chokidar": "^3.6.0",
        "compatx": "^0.1.8",
        "consola": "^3.2.3",
        "cookie-es": "^1.1.0",
        "defu": "^6.1.4",
        "destr": "^2.0.3",
        "devalue": "^5.0.0",
        "errx": "^0.1.0",
        "esbuild": "^0.23.0",
        "escape-string-regexp": "^5.0.0",
        "estree-walker": "^3.0.3",
        "globby": "^14.0.2",
        "h3": "^1.12.0",
        "hookable": "^5.5.3",
        "ignore": "^5.3.1",
        "jiti": "^1.21.6",
        "klona": "^2.0.6",
        "knitwork": "^1.1.0",
        "magic-string": "^0.30.10",
        "mlly": "^1.7.1",
        "nitropack": "^2.9.7",
        "nuxi": "^3.12.0",
        "nypm": "^0.3.9",
        "ofetch": "^1.3.4",
        "ohash": "^1.1.3",
        "pathe": "^1.1.2",
        "perfect-debounce": "^1.0.0",
        "pkg-types": "^1.1.3",
        "radix3": "^1.1.2",
        "scule": "^1.3.0",
        "semver": "^7.6.3",
        "std-env": "^3.7.0",
        "strip-literal": "^2.1.0",
        "ufo": "^1.5.4",
        "ultrahtml": "^1.5.3",
        "uncrypto": "^0.1.3",
        "unctx": "^2.3.1",
        "unenv": "^1.10.0",
        "unimport": "^3.9.0",
        "unplugin": "^1.11.0",
        "unplugin-vue-router": "^0.10.0",
        "unstorage": "^1.10.2",
        "untyped": "^1.4.2",
        "vue": "^3.4.32",
        "vue-bundle-renderer": "^2.1.0",
        "vue-devtools-stub": "^0.1.0",
        "vue-router": "^4.4.0"
      },
      "bin": {
        "nuxi": "bin/nuxt.mjs",
        "nuxt": "bin/nuxt.mjs"
      },
      "devDependencies": {
        "@nuxt/scripts": "0.6.4",
        "@nuxt/ui-templates": "1.3.4",
        "@parcel/watcher": "2.4.1",
        "@types/estree": "1.0.5",
        "@vitejs/plugin-vue": "5.0.5",
        "@vue/compiler-sfc": "3.4.32",
        "unbuild": "latest",
        "vite": "5.3.4",
        "vitest": "2.0.3"
      },
      "engines": {
        "node": "^14.18.0 || >=16.10.0"
      },
      "peerDependencies": {
        "@parcel/watcher": "^2.1.0",
        "@types/node": "^14.18.0 || >=16.10.0"
      },
      "peerDependenciesMeta": {
        "@parcel/watcher": {
          "optional": true
        },
        "@types/node": {
          "optional": true
        }
      }
    },
    "node_modules/@babel/parser": {
      "version": "7.25.0",
      "resolved": "https://registry.npmjs.org/@babel/parser/-/parser-7.25.0.tgz",
      "integrity": "sha512-CzdIU9jdP0dg7HdyB+bHvDJGagUv+qtzZt5rYCWwW6tITNqV9odjp6Qu41gkG0ca5UfdDUWrKkiAnHHdGRnOrA==",
      "bin": {
        "parser": "bin/babel-parser.js"
      },
      "engines": {
        "node": ">=6.0.0"
      }
    },
    "node_modules/@iconify-json/ph": {
      "version": "1.1.13",
      "resolved": "https://registry.npmjs.org/@iconify-json/ph/-/ph-1.1.13.tgz",
      "integrity": "sha512-xtM4JJ63HCKj09WRqrBswXiHrpliBlqboWSZH8odcmqYXbvIFceU9/Til4V+MQr6+MoUC+KB72cxhky2+A6r/g==",
      "dev": true,
      "dependencies": {
        "@iconify/types": "*"
      }
    },
    "node_modules/@iconify/types": {
      "version": "2.0.0",
      "resolved": "https://registry.npmjs.org/@iconify/types/-/types-2.0.0.tgz",
      "integrity": "sha512-+wluvCrRhXrhyOmRDJ3q8mux9JkKy5SJ/v8ol2tu4FVjyYvtEzkc/3pK15ET6RKg4b4w4BmTk1+gsCUhf21Ykg==",
      "dev": true
    },
    "node_modules/@jridgewell/sourcemap-codec": {
      "version": "1.5.0",
      "resolved": "https://registry.npmjs.org/@jridgewell/sourcemap-codec/-/sourcemap-codec-1.5.0.tgz",
      "integrity": "sha512-gv3ZRaISU3fjPAgNsriBRqGWQL6quFx04YMPW/zD8XMLsU32mhCCbfbO6KZFLjvYpCZ8zyDEgqsgf+PwPaM7GQ=="
    },
    "node_modules/@nuxt/content": {
      "resolved": "../node_modules/.pnpm/@nuxt+content@2.13.2_nuxt@3.12.4_vue@3.4.34/node_modules/@nuxt/content",
      "link": true
    },
    "node_modules/@nuxt/fonts": {
      "resolved": "../node_modules/.pnpm/@nuxt+fonts@0.7.1_vite@5.3.5/node_modules/@nuxt/fonts",
      "link": true
    },
    "node_modules/@nuxt/icon": {
      "resolved": "../node_modules/.pnpm/@nuxt+icon@1.3.1_vite@5.3.5_vue@3.4.34/node_modules/@nuxt/icon",
      "link": true
    },
    "node_modules/@nuxtjs/color-mode": {
      "resolved": "../node_modules/.pnpm/@nuxtjs+color-mode@3.4.2/node_modules/@nuxtjs/color-mode",
      "link": true
    },
    "node_modules/@nuxtjs/seo": {
      "resolved": "../node_modules/.pnpm/@nuxtjs+seo@2.0.0-rc.16_h3@1.12.0_vite@5.3.5_vue@3.4.34/node_modules/@nuxtjs/seo",
      "link": true
    },
    "node_modules/@nuxtjs/tailwindcss": {
      "resolved": "../node_modules/.pnpm/@nuxtjs+tailwindcss@6.12.1/node_modules/@nuxtjs/tailwindcss",
      "link": true
    },
    "node_modules/@vue/compiler-core": {
      "version": "3.4.34",
      "resolved": "https://registry.npmjs.org/@vue/compiler-core/-/compiler-core-3.4.34.tgz",
      "integrity": "sha512-Z0izUf32+wAnQewjHu+pQf1yw00EGOmevl1kE+ljjjMe7oEfpQ+BI3/JNK7yMB4IrUsqLDmPecUrpj3mCP+yJQ==",
      "dependencies": {
        "@babel/parser": "^7.24.7",
        "@vue/shared": "3.4.34",
        "entities": "^4.5.0",
        "estree-walker": "^2.0.2",
        "source-map-js": "^1.2.0"
      }
    },
    "node_modules/@vue/compiler-dom": {
      "version": "3.4.34",
      "resolved": "https://registry.npmjs.org/@vue/compiler-dom/-/compiler-dom-3.4.34.tgz",
      "integrity": "sha512-3PUOTS1h5cskdOJMExCu2TInXuM0j60DRPpSCJDqOCupCfUZCJoyQmKtRmA8EgDNZ5kcEE7vketamRZfrEuVDw==",
      "dependencies": {
        "@vue/compiler-core": "3.4.34",
        "@vue/shared": "3.4.34"
      }
    },
    "node_modules/@vue/compiler-sfc": {
      "version": "3.4.34",
      "resolved": "https://registry.npmjs.org/@vue/compiler-sfc/-/compiler-sfc-3.4.34.tgz",
      "integrity": "sha512-x6lm0UrM03jjDXTPZgD9Ad8bIVD1ifWNit2EaWQIZB5CULr46+FbLQ5RpK7AXtDHGjx9rmvC7QRCTjsiGkAwRw==",
      "dependencies": {
        "@babel/parser": "^7.24.7",
        "@vue/compiler-core": "3.4.34",
        "@vue/compiler-dom": "3.4.34",
        "@vue/compiler-ssr": "3.4.34",
        "@vue/shared": "3.4.34",
        "estree-walker": "^2.0.2",
        "magic-string": "^0.30.10",
        "postcss": "^8.4.39",
        "source-map-js": "^1.2.0"
      }
    },
    "node_modules/@vue/compiler-ssr": {
      "version": "3.4.34",
      "resolved": "https://registry.npmjs.org/@vue/compiler-ssr/-/compiler-ssr-3.4.34.tgz",
      "integrity": "sha512-8TDBcLaTrFm5rnF+Qm4BlliaopJgqJ28Nsrc80qazynm5aJO+Emu7y0RWw34L8dNnTRdcVBpWzJxhGYzsoVu4g==",
      "dependencies": {
        "@vue/compiler-dom": "3.4.34",
        "@vue/shared": "3.4.34"
      }
    },
    "node_modules/@vue/reactivity": {
      "version": "3.4.34",
      "resolved": "https://registry.npmjs.org/@vue/reactivity/-/reactivity-3.4.34.tgz",
      "integrity": "sha512-ua+Lo+wBRlBEX9TtgPOShE2JwIO7p6BTZ7t1KZVPoaBRfqbC7N3c8Mpzicx173fXxx5VXeU6ykiHo7WgLzJQDA==",
      "dependencies": {
        "@vue/shared": "3.4.34"
      }
    },
    "node_modules/@vue/runtime-core": {
      "version": "3.4.34",
      "resolved": "https://registry.npmjs.org/@vue/runtime-core/-/runtime-core-3.4.34.tgz",
      "integrity": "sha512-PXhkiRPwcPGJ1BnyBZFI96GfInCVskd0HPNIAZn7i3YOmLbtbTZpB7/kDTwC1W7IqdGPkTVC63IS7J2nZs4Ebg==",
      "dependencies": {
        "@vue/reactivity": "3.4.34",
        "@vue/shared": "3.4.34"
      }
    },
    "node_modules/@vue/runtime-dom": {
      "version": "3.4.34",
      "resolved": "https://registry.npmjs.org/@vue/runtime-dom/-/runtime-dom-3.4.34.tgz",
      "integrity": "sha512-dXqIe+RqFAK2Euak4UsvbIupalrhc67OuQKpD7HJ3W2fv8jlqvI7szfBCsAEcE8o/wyNpkloxB6J8viuF/E3gw==",
      "dependencies": {
        "@vue/reactivity": "3.4.34",
        "@vue/runtime-core": "3.4.34",
        "@vue/shared": "3.4.34",
        "csstype": "^3.1.3"
      }
    },
    "node_modules/@vue/server-renderer": {
      "version": "3.4.34",
      "resolved": "https://registry.npmjs.org/@vue/server-renderer/-/server-renderer-3.4.34.tgz",
      "integrity": "sha512-GeyEUfMVRZMD/mZcNONEqg7MiU10QQ1DB3O/Qr6+8uXpbwdlmVgQ5Qs1/ZUAFX1X2UUtqMoGrDRbxdWfOJFT7Q==",
      "dependencies": {
        "@vue/compiler-ssr": "3.4.34",
        "@vue/shared": "3.4.34"
      },
      "peerDependencies": {
        "vue": "3.4.34"
      }
    },
    "node_modules/@vue/shared": {
      "version": "3.4.34",
      "resolved": "https://registry.npmjs.org/@vue/shared/-/shared-3.4.34.tgz",
      "integrity": "sha512-x5LmiRLpRsd9KTjAB8MPKf0CDPMcuItjP0gbNqFCIgL1I8iYp4zglhj9w9FPCdIbHG2M91RVeIbArFfFTz9I3A=="
    },
    "node_modules/@vueuse/nuxt": {
      "resolved": "../node_modules/.pnpm/@vueuse+nuxt@10.11.0_nuxt@3.12.4_vue@3.4.34/node_modules/@vueuse/nuxt",
      "link": true
    },
    "node_modules/csstype": {
      "version": "3.1.3",
      "resolved": "https://registry.npmjs.org/csstype/-/csstype-3.1.3.tgz",
      "integrity": "sha512-M1uQkMl8rQK/szD0LNhtqxIPLpimGm8sOBwU7lLnCpSbTyY3yeU1Vc7l4KT5zT4s/yOxHH5O7tIuuLOCnLADRw=="
    },
    "node_modules/entities": {
      "version": "4.5.0",
      "resolved": "https://registry.npmjs.org/entities/-/entities-4.5.0.tgz",
      "integrity": "sha512-V0hjH4dGPh9Ao5p0MoRY6BVqtwCjhz6vI5LT8AJ55H+4g9/4vbHx1I54fS0XuclLhDHArPQCiMjDxjaL8fPxhw==",
      "engines": {
        "node": ">=0.12"
      },
      "funding": {
        "url": "https://github.com/fb55/entities?sponsor=1"
      }
    },
    "node_modules/estree-walker": {
      "version": "2.0.2",
      "resolved": "https://registry.npmjs.org/estree-walker/-/estree-walker-2.0.2.tgz",
      "integrity": "sha512-Rfkk/Mp/DL7JVje3u18FxFujQlTNR2q6QfMSMB7AvCBx91NGj/ba3kCfza0f6dVDbw7YlRf/nDrn7pQrCCyQ/w=="
    },
    "node_modules/magic-string": {
      "version": "0.30.10",
      "resolved": "https://registry.npmjs.org/magic-string/-/magic-string-0.30.10.tgz",
      "integrity": "sha512-iIRwTIf0QKV3UAnYK4PU8uiEc4SRh5jX0mwpIwETPpHdhVM4f53RSwS/vXvN1JhGX+Cs7B8qIq3d6AH49O5fAQ==",
      "dependencies": {
        "@jridgewell/sourcemap-codec": "^1.4.15"
      }
    },
    "node_modules/nanoid": {
      "version": "3.3.7",
      "resolved": "https://registry.npmjs.org/nanoid/-/nanoid-3.3.7.tgz",
      "integrity": "sha512-eSRppjcPIatRIMC1U6UngP8XFcz8MQWGQdt1MTBQ7NaAmvXDfvNxbvWV3x2y6CdEUciCSsDHDQZbhYaB8QEo2g==",
      "funding": [
        {
          "type": "github",
          "url": "https://github.com/sponsors/ai"
        }
      ],
      "bin": {
        "nanoid": "bin/nanoid.cjs"
      },
      "engines": {
        "node": "^10 || ^12 || ^13.7 || ^14 || >=15.0.1"
      }
    },
    "node_modules/nuxt": {
      "resolved": "../node_modules/.pnpm/nuxt@3.12.4_@types+node@22.0.0_typescript@5.5.4_vite@5.3.5/node_modules/nuxt",
      "link": true
    },
    "node_modules/picocolors": {
      "version": "1.0.1",
      "resolved": "https://registry.npmjs.org/picocolors/-/picocolors-1.0.1.tgz",
      "integrity": "sha512-anP1Z8qwhkbmu7MFP5iTt+wQKXgwzf7zTyGlcdzabySa9vd0Xt392U0rVmz9poOaBj0uHJKyyo9/upk0HrEQew=="
    },
    "node_modules/postcss": {
      "version": "8.4.40",
      "resolved": "https://registry.npmjs.org/postcss/-/postcss-8.4.40.tgz",
      "integrity": "sha512-YF2kKIUzAofPMpfH6hOi2cGnv/HrUlfucspc7pDyvv7kGdqXrfj8SCl/t8owkEgKEuu8ZcRjSOxFxVLqwChZ2Q==",
      "funding": [
        {
          "type": "opencollective",
          "url": "https://opencollective.com/postcss/"
        },
        {
          "type": "tidelift",
          "url": "https://tidelift.com/funding/github/npm/postcss"
        },
        {
          "type": "github",
          "url": "https://github.com/sponsors/ai"
        }
      ],
      "dependencies": {
        "nanoid": "^3.3.7",
        "picocolors": "^1.0.1",
        "source-map-js": "^1.2.0"
      },
      "engines": {
        "node": "^10 || ^12 || >=14"
      }
    },
    "node_modules/source-map-js": {
      "version": "1.2.0",
      "resolved": "https://registry.npmjs.org/source-map-js/-/source-map-js-1.2.0.tgz",
      "integrity": "sha512-itJW8lvSA0TXEphiRoawsCksnlf8SyvmFzIhltqAHluXd88pkCd+cXJVHTDwdCr0IzwptSm035IHQktUu1QUMg==",
      "engines": {
        "node": ">=0.10.0"
      }
    },
    "node_modules/vue": {
      "version": "3.4.34",
      "resolved": "https://registry.npmjs.org/vue/-/vue-3.4.34.tgz",
      "integrity": "sha512-VZze05HWlA3ItreQ/ka7Sx7PoD0/3St8FEiSlSTVgb6l4hL+RjtP2/8g5WQBzZgyf8WG2f+g1bXzC7zggLhAJA==",
      "dependencies": {
        "@vue/compiler-dom": "3.4.34",
        "@vue/compiler-sfc": "3.4.34",
        "@vue/runtime-dom": "3.4.34",
        "@vue/server-renderer": "3.4.34",
        "@vue/shared": "3.4.34"
      },
      "peerDependencies": {
        "typescript": "*"
      },
      "peerDependenciesMeta": {
        "typescript": {
          "optional": true
        }
      }
    }
  }
}
